
Microsoft Visual Studio Solution File, Format Version 12.00
# Visual Studio Version 16
VisualStudioVersion = 16.0.31624.102
MinimumVisualStudioVersion = 10.0.40219.1
Project("{FAE04EC0-301F-11D3-BF4B-00C04F79EFBC}") = "Homework_4", "Homework_4\Homework_4.csproj", "{6C024BA2-C962-43E1-A586-439168BBC9F0}"
EndProject
Global
	GlobalSection(SolutionConfigurationPlatforms) = preSolution
		Debug|Any CPU = Debug|Any CPU
		Release|Any CPU = Release|Any CPU
	EndGlobalSection
	GlobalSection(ProjectConfigurationPlatforms) = postSolution
		{6C024BA2-C962-43E1-A586-439168BBC9F0}.Debug|Any CPU.ActiveCfg = Debug|Any CPU
		{6C024BA2-C962-43E1-A586-439168BBC9F0}.Debug|Any CPU.Build.0 = Debug|Any CPU
		{6C024BA2-C962-43E1-A586-439168BBC9F0}.Release|Any CPU.ActiveCfg = Release|Any CPU
		{6C024BA2-C962-43E1-A586-439168BBC9F0}.Release|Any CPU.Build.0 = Release|Any CPU
	EndGlobalSection
	GlobalSection(SolutionProperties) = preSolution
		HideSolutionNode = FALSE
	EndGlobalSection
	GlobalSection(ExtensibilityGlobals) = postSolution
		SolutionGuid = {8776AF25-8673-4EA3-ABAD-8E4E9D8E2707}
	EndGlobalSection
EndGlobal
