
Microsoft Visual Studio Solution File, Format Version 12.00
# Visual Studio Version 16
VisualStudioVersion = 16.0.31624.102
MinimumVisualStudioVersion = 10.0.40219.1
Project("{FAE04EC0-301F-11D3-BF4B-00C04F79EFBC}") = "Task_01", "Task_01\Task_01.csproj", "{72F36F07-5B63-4554-97B8-3EB707D95FAE}"
EndProject
Project("{FAE04EC0-301F-11D3-BF4B-00C04F79EFBC}") = "Task_02", "Task_02\Task_02.csproj", "{DF41D418-8AAB-4F6A-BF4B-568EE714F095}"
EndProject
Project("{FAE04EC0-301F-11D3-BF4B-00C04F79EFBC}") = "Task_03", "Task_03\Task_03.csproj", "{8AF0F7BA-6281-4D73-AFBE-3DBF7842EC1E}"
EndProject
Global
	GlobalSection(SolutionConfigurationPlatforms) = preSolution
		Debug|Any CPU = Debug|Any CPU
		Release|Any CPU = Release|Any CPU
	EndGlobalSection
	GlobalSection(ProjectConfigurationPlatforms) = postSolution
		{72F36F07-5B63-4554-97B8-3EB707D95FAE}.Debug|Any CPU.ActiveCfg = Debug|Any CPU
		{72F36F07-5B63-4554-97B8-3EB707D95FAE}.Debug|Any CPU.Build.0 = Debug|Any CPU
		{72F36F07-5B63-4554-97B8-3EB707D95FAE}.Release|Any CPU.ActiveCfg = Release|Any CPU
		{72F36F07-5B63-4554-97B8-3EB707D95FAE}.Release|Any CPU.Build.0 = Release|Any CPU
		{DF41D418-8AAB-4F6A-BF4B-568EE714F095}.Debug|Any CPU.ActiveCfg = Debug|Any CPU
		{DF41D418-8AAB-4F6A-BF4B-568EE714F095}.Debug|Any CPU.Build.0 = Debug|Any CPU
		{DF41D418-8AAB-4F6A-BF4B-568EE714F095}.Release|Any CPU.ActiveCfg = Release|Any CPU
		{DF41D418-8AAB-4F6A-BF4B-568EE714F095}.Release|Any CPU.Build.0 = Release|Any CPU
		{8AF0F7BA-6281-4D73-AFBE-3DBF7842EC1E}.Debug|Any CPU.ActiveCfg = Debug|Any CPU
		{8AF0F7BA-6281-4D73-AFBE-3DBF7842EC1E}.Debug|Any CPU.Build.0 = Debug|Any CPU
		{8AF0F7BA-6281-4D73-AFBE-3DBF7842EC1E}.Release|Any CPU.ActiveCfg = Release|Any CPU
		{8AF0F7BA-6281-4D73-AFBE-3DBF7842EC1E}.Release|Any CPU.Build.0 = Release|Any CPU
	EndGlobalSection
	GlobalSection(SolutionProperties) = preSolution
		HideSolutionNode = FALSE
	EndGlobalSection
	GlobalSection(ExtensibilityGlobals) = postSolution
		SolutionGuid = {793C1206-48A4-4BD4-8EE4-6F8B87114CCA}
	EndGlobalSection
EndGlobal
