
Microsoft Visual Studio Solution File, Format Version 12.00
# Visual Studio Version 16
VisualStudioVersion = 16.0.31624.102
MinimumVisualStudioVersion = 10.0.40219.1
Project("{FAE04EC0-301F-11D3-BF4B-00C04F79EFBC}") = "Homework_3", "Homework_3\Homework_3.csproj", "{4C0D5A78-29D9-4185-A8BF-90A00C07B06D}"
EndProject
Global
	GlobalSection(SolutionConfigurationPlatforms) = preSolution
		Debug|Any CPU = Debug|Any CPU
		Release|Any CPU = Release|Any CPU
	EndGlobalSection
	GlobalSection(ProjectConfigurationPlatforms) = postSolution
		{4C0D5A78-29D9-4185-A8BF-90A00C07B06D}.Debug|Any CPU.ActiveCfg = Debug|Any CPU
		{4C0D5A78-29D9-4185-A8BF-90A00C07B06D}.Debug|Any CPU.Build.0 = Debug|Any CPU
		{4C0D5A78-29D9-4185-A8BF-90A00C07B06D}.Release|Any CPU.ActiveCfg = Release|Any CPU
		{4C0D5A78-29D9-4185-A8BF-90A00C07B06D}.Release|Any CPU.Build.0 = Release|Any CPU
	EndGlobalSection
	GlobalSection(SolutionProperties) = preSolution
		HideSolutionNode = FALSE
	EndGlobalSection
	GlobalSection(ExtensibilityGlobals) = postSolution
		SolutionGuid = {4F81DD76-61FA-4504-9B20-9DD06DF3359B}
	EndGlobalSection
EndGlobal
