
Microsoft Visual Studio Solution File, Format Version 12.00
# Visual Studio Version 16
VisualStudioVersion = 16.0.31624.102
MinimumVisualStudioVersion = 10.0.40219.1
Project("{9A19103F-16F7-4668-BE54-9A1E7A4F7556}") = "Task_01(2)", "Task_01(2)\Task_01(2).csproj", "{C94E19E7-4636-47AE-83EA-145897B821F4}"
EndProject
Project("{9A19103F-16F7-4668-BE54-9A1E7A4F7556}") = "Task_02(6)", "Task_02(6)\Task_02(6).csproj", "{58526556-7554-40A7-A449-2920AA033845}"
EndProject
Project("{FAE04EC0-301F-11D3-BF4B-00C04F79EFBC}") = "Task_03(7)", "Task_03(7)\Task_03(7).csproj", "{65959478-45C7-429B-919A-BD97D2509E8C}"
EndProject
Global
	GlobalSection(SolutionConfigurationPlatforms) = preSolution
		Debug|Any CPU = Debug|Any CPU
		Release|Any CPU = Release|Any CPU
	EndGlobalSection
	GlobalSection(ProjectConfigurationPlatforms) = postSolution
		{C94E19E7-4636-47AE-83EA-145897B821F4}.Debug|Any CPU.ActiveCfg = Debug|Any CPU
		{C94E19E7-4636-47AE-83EA-145897B821F4}.Debug|Any CPU.Build.0 = Debug|Any CPU
		{C94E19E7-4636-47AE-83EA-145897B821F4}.Release|Any CPU.ActiveCfg = Release|Any CPU
		{C94E19E7-4636-47AE-83EA-145897B821F4}.Release|Any CPU.Build.0 = Release|Any CPU
		{58526556-7554-40A7-A449-2920AA033845}.Debug|Any CPU.ActiveCfg = Debug|Any CPU
		{58526556-7554-40A7-A449-2920AA033845}.Debug|Any CPU.Build.0 = Debug|Any CPU
		{58526556-7554-40A7-A449-2920AA033845}.Release|Any CPU.ActiveCfg = Release|Any CPU
		{58526556-7554-40A7-A449-2920AA033845}.Release|Any CPU.Build.0 = Release|Any CPU
		{65959478-45C7-429B-919A-BD97D2509E8C}.Debug|Any CPU.ActiveCfg = Debug|Any CPU
		{65959478-45C7-429B-919A-BD97D2509E8C}.Debug|Any CPU.Build.0 = Debug|Any CPU
		{65959478-45C7-429B-919A-BD97D2509E8C}.Release|Any CPU.ActiveCfg = Release|Any CPU
		{65959478-45C7-429B-919A-BD97D2509E8C}.Release|Any CPU.Build.0 = Release|Any CPU
	EndGlobalSection
	GlobalSection(SolutionProperties) = preSolution
		HideSolutionNode = FALSE
	EndGlobalSection
	GlobalSection(ExtensibilityGlobals) = postSolution
		SolutionGuid = {4E814096-89D6-4837-A8DB-59E41803B32B}
	EndGlobalSection
EndGlobal
